
Microsoft Visual Studio Solution File, Format Version 12.00
# Visual Studio 15
VisualStudioVersion = 15.0.28010.2016
MinimumVisualStudioVersion = 10.0.40219.1
Project("{9A19103F-16F7-4668-BE54-9A1E7A4F7556}") = "TicketPresentation", "TicketPresentation\TicketPresentation.csproj", "{2B678DD0-E195-4423-9CC2-3EA86096229B}"
EndProject
Global
	GlobalSection(SolutionConfigurationPlatforms) = preSolution
		Debug|Any CPU = Debug|Any CPU
		Release|Any CPU = Release|Any CPU
	EndGlobalSection
	GlobalSection(ProjectConfigurationPlatforms) = postSolution
		{2B678DD0-E195-4423-9CC2-3EA86096229B}.Debug|Any CPU.ActiveCfg = Debug|Any CPU
		{2B678DD0-E195-4423-9CC2-3EA86096229B}.Debug|Any CPU.Build.0 = Debug|Any CPU
		{2B678DD0-E195-4423-9CC2-3EA86096229B}.Release|Any CPU.ActiveCfg = Release|Any CPU
		{2B678DD0-E195-4423-9CC2-3EA86096229B}.Release|Any CPU.Build.0 = Release|Any CPU
	EndGlobalSection
	GlobalSection(SolutionProperties) = preSolution
		HideSolutionNode = FALSE
	EndGlobalSection
	GlobalSection(ExtensibilityGlobals) = postSolution
		SolutionGuid = {3C5B0030-C3C2-4E7F-8627-436862AF5565}
	EndGlobalSection
EndGlobal
